
Microsoft Visual Studio Solution File, Format Version 12.00
# Visual Studio Version 17
VisualStudioVersion = 17.5.002.0
MinimumVisualStudioVersion = 10.0.40219.1
Project("{9A19103F-16F7-4668-BE54-9A1E7A4F7556}") = "Receive", "Receive\Receive.csproj", "{60CA0B60-059D-4C42-BDC8-32D213DAFD3A}"
EndProject
Project("{9A19103F-16F7-4668-BE54-9A1E7A4F7556}") = "Send", "Send\Send.csproj", "{C50EB030-52A9-4944-B853-1391BA05B077}"
EndProject
Global
	GlobalSection(SolutionConfigurationPlatforms) = preSolution
		Debug|Any CPU = Debug|Any CPU
		Release|Any CPU = Release|Any CPU
	EndGlobalSection
	GlobalSection(ProjectConfigurationPlatforms) = postSolution
		{60CA0B60-059D-4C42-BDC8-32D213DAFD3A}.Debug|Any CPU.ActiveCfg = Debug|Any CPU
		{60CA0B60-059D-4C42-BDC8-32D213DAFD3A}.Debug|Any CPU.Build.0 = Debug|Any CPU
		{60CA0B60-059D-4C42-BDC8-32D213DAFD3A}.Release|Any CPU.ActiveCfg = Release|Any CPU
		{60CA0B60-059D-4C42-BDC8-32D213DAFD3A}.Release|Any CPU.Build.0 = Release|Any CPU
		{C50EB030-52A9-4944-B853-1391BA05B077}.Debug|Any CPU.ActiveCfg = Debug|Any CPU
		{C50EB030-52A9-4944-B853-1391BA05B077}.Debug|Any CPU.Build.0 = Debug|Any CPU
		{C50EB030-52A9-4944-B853-1391BA05B077}.Release|Any CPU.ActiveCfg = Release|Any CPU
		{C50EB030-52A9-4944-B853-1391BA05B077}.Release|Any CPU.Build.0 = Release|Any CPU
	EndGlobalSection
	GlobalSection(SolutionProperties) = preSolution
		HideSolutionNode = FALSE
	EndGlobalSection
	GlobalSection(ExtensibilityGlobals) = postSolution
		SolutionGuid = {78675B65-AA4A-4CF6-A4AD-DB2E84DA3A24}
	EndGlobalSection
EndGlobal
